
Microsoft Visual Studio Solution File, Format Version 12.00
# Visual Studio 14
VisualStudioVersion = 14.0.25420.1
MinimumVisualStudioVersion = 10.0.40219.1
Project("{FAE04EC0-301F-11D3-BF4B-00C04F79EFBC}") = "Labra 9 - Tehtava 1", "Labra 9 - Tehtava 1\Labra 9 - Tehtava 1.csproj", "{0F612D5E-8BA4-49B1-AB51-9247D2AC6A7D}"
EndProject
Project("{FAE04EC0-301F-11D3-BF4B-00C04F79EFBC}") = "Labra 9 - Tehtava 2", "Labra 9 - Tehtava 2\Labra 9 - Tehtava 2.csproj", "{2528EAAE-EB2F-40C8-B8BD-EFA923DB5891}"
EndProject
Project("{FAE04EC0-301F-11D3-BF4B-00C04F79EFBC}") = "Labra 9 - Tehtava 3", "Labra 9 - Tehtava 3\Labra 9 - Tehtava 3.csproj", "{A587BFC8-1AA9-4CF9-A493-DE4D54C55D7B}"
EndProject
Project("{FAE04EC0-301F-11D3-BF4B-00C04F79EFBC}") = "Labra 10 - tuntiharjoitus", "Labra 10 - tuntiharjoitus\Labra 10 - tuntiharjoitus.csproj", "{B59EA3BE-2621-4290-8176-01BEAD1E2001}"
EndProject
Project("{FAE04EC0-301F-11D3-BF4B-00C04F79EFBC}") = "Labra 10 - Tehtava 1", "Labra 10 - Tehtava 1\Labra 10 - Tehtava 1.csproj", "{3DDD3D94-4D1C-4BB4-AF83-B26A470BBB41}"
EndProject
Project("{FAE04EC0-301F-11D3-BF4B-00C04F79EFBC}") = "Labra 10 - tuntiharjoitus 2", "Labra 10 - tuntiharjoitus 2\Labra 10 - tuntiharjoitus 2.csproj", "{4D85408C-9591-4512-A0D4-C505DB1EE06F}"
EndProject
Project("{FAE04EC0-301F-11D3-BF4B-00C04F79EFBC}") = "Labra 10 - Tehtava 2", "Labra 10 - Tehtava 2\Labra 10 - Tehtava 2.csproj", "{6BCD6FDE-0A6D-4C92-BE0D-2250A7A1D989}"
EndProject
Project("{FAE04EC0-301F-11D3-BF4B-00C04F79EFBC}") = "Labra 10 - Tehtava 3", "Labra 10 - Tehtava 3\Labra 10 - Tehtava 3.csproj", "{BCAD1D79-B656-41FC-984C-B5A0E2F2B14C}"
EndProject
Project("{FAE04EC0-301F-11D3-BF4B-00C04F79EFBC}") = "Labra 10 - Tehtava 4", "Labra 10 - Tehtava 4\Labra 10 - Tehtava 4.csproj", "{42BB4E39-188E-4EAF-AB95-0B7F2AE03793}"
EndProject
Project("{FAE04EC0-301F-11D3-BF4B-00C04F79EFBC}") = "Labra 11 - Demo", "Labra 11 - Demo\Labra 11 - Demo.csproj", "{9C8C869F-E5A7-47B2-9484-C2A3773947D1}"
EndProject
Project("{FAE04EC0-301F-11D3-BF4B-00C04F79EFBC}") = "Labra 11 - Demo 2", "Labra 11 - Demo 2\Labra 11 - Demo 2.csproj", "{84217B85-6EC6-4655-818E-1D3614D6B202}"
EndProject
Project("{FAE04EC0-301F-11D3-BF4B-00C04F79EFBC}") = "Labra 12 - Demo", "Labra 12 - Demo\Labra 12 - Demo.csproj", "{00A59D95-A0E1-4B2F-BBC7-174836757540}"
EndProject
Project("{FAE04EC0-301F-11D3-BF4B-00C04F79EFBC}") = "Labra 14 - Demo", "Labra 14 - Demo\Labra 14 - Demo.csproj", "{C296C999-94A4-4225-ACA3-3106C5908671}"
EndProject
Project("{FAE04EC0-301F-11D3-BF4B-00C04F79EFBC}") = "Labra 14 - Demo 2", "Labra 14 - Demo 2\Labra 14 - Demo 2.csproj", "{0D6622FA-BD78-41DC-80C2-06748FAE41EF}"
EndProject
Project("{FAE04EC0-301F-11D3-BF4B-00C04F79EFBC}") = "Labra 15 - SnakeGame", "Labra 15 - SnakeGame\Labra 15 - SnakeGame.csproj", "{2E311238-7156-44BE-A1CD-22FC126C83E8}"
EndProject
Global
	GlobalSection(SolutionConfigurationPlatforms) = preSolution
		Debug|Any CPU = Debug|Any CPU
		Debug|ARM = Debug|ARM
		Debug|x64 = Debug|x64
		Debug|x86 = Debug|x86
		Release|Any CPU = Release|Any CPU
		Release|ARM = Release|ARM
		Release|x64 = Release|x64
		Release|x86 = Release|x86
	EndGlobalSection
	GlobalSection(ProjectConfigurationPlatforms) = postSolution
		{0F612D5E-8BA4-49B1-AB51-9247D2AC6A7D}.Debug|Any CPU.ActiveCfg = Debug|Any CPU
		{0F612D5E-8BA4-49B1-AB51-9247D2AC6A7D}.Debug|Any CPU.Build.0 = Debug|Any CPU
		{0F612D5E-8BA4-49B1-AB51-9247D2AC6A7D}.Debug|ARM.ActiveCfg = Debug|Any CPU
		{0F612D5E-8BA4-49B1-AB51-9247D2AC6A7D}.Debug|ARM.Build.0 = Debug|Any CPU
		{0F612D5E-8BA4-49B1-AB51-9247D2AC6A7D}.Debug|x64.ActiveCfg = Debug|Any CPU
		{0F612D5E-8BA4-49B1-AB51-9247D2AC6A7D}.Debug|x64.Build.0 = Debug|Any CPU
		{0F612D5E-8BA4-49B1-AB51-9247D2AC6A7D}.Debug|x86.ActiveCfg = Debug|Any CPU
		{0F612D5E-8BA4-49B1-AB51-9247D2AC6A7D}.Debug|x86.Build.0 = Debug|Any CPU
		{0F612D5E-8BA4-49B1-AB51-9247D2AC6A7D}.Release|Any CPU.ActiveCfg = Release|Any CPU
		{0F612D5E-8BA4-49B1-AB51-9247D2AC6A7D}.Release|Any CPU.Build.0 = Release|Any CPU
		{0F612D5E-8BA4-49B1-AB51-9247D2AC6A7D}.Release|ARM.ActiveCfg = Release|Any CPU
		{0F612D5E-8BA4-49B1-AB51-9247D2AC6A7D}.Release|ARM.Build.0 = Release|Any CPU
		{0F612D5E-8BA4-49B1-AB51-9247D2AC6A7D}.Release|x64.ActiveCfg = Release|Any CPU
		{0F612D5E-8BA4-49B1-AB51-9247D2AC6A7D}.Release|x64.Build.0 = Release|Any CPU
		{0F612D5E-8BA4-49B1-AB51-9247D2AC6A7D}.Release|x86.ActiveCfg = Release|Any CPU
		{0F612D5E-8BA4-49B1-AB51-9247D2AC6A7D}.Release|x86.Build.0 = Release|Any CPU
		{2528EAAE-EB2F-40C8-B8BD-EFA923DB5891}.Debug|Any CPU.ActiveCfg = Debug|Any CPU
		{2528EAAE-EB2F-40C8-B8BD-EFA923DB5891}.Debug|Any CPU.Build.0 = Debug|Any CPU
		{2528EAAE-EB2F-40C8-B8BD-EFA923DB5891}.Debug|ARM.ActiveCfg = Debug|Any CPU
		{2528EAAE-EB2F-40C8-B8BD-EFA923DB5891}.Debug|ARM.Build.0 = Debug|Any CPU
		{2528EAAE-EB2F-40C8-B8BD-EFA923DB5891}.Debug|x64.ActiveCfg = Debug|Any CPU
		{2528EAAE-EB2F-40C8-B8BD-EFA923DB5891}.Debug|x64.Build.0 = Debug|Any CPU
		{2528EAAE-EB2F-40C8-B8BD-EFA923DB5891}.Debug|x86.ActiveCfg = Debug|Any CPU
		{2528EAAE-EB2F-40C8-B8BD-EFA923DB5891}.Debug|x86.Build.0 = Debug|Any CPU
		{2528EAAE-EB2F-40C8-B8BD-EFA923DB5891}.Release|Any CPU.ActiveCfg = Release|Any CPU
		{2528EAAE-EB2F-40C8-B8BD-EFA923DB5891}.Release|Any CPU.Build.0 = Release|Any CPU
		{2528EAAE-EB2F-40C8-B8BD-EFA923DB5891}.Release|ARM.ActiveCfg = Release|Any CPU
		{2528EAAE-EB2F-40C8-B8BD-EFA923DB5891}.Release|ARM.Build.0 = Release|Any CPU
		{2528EAAE-EB2F-40C8-B8BD-EFA923DB5891}.Release|x64.ActiveCfg = Release|Any CPU
		{2528EAAE-EB2F-40C8-B8BD-EFA923DB5891}.Release|x64.Build.0 = Release|Any CPU
		{2528EAAE-EB2F-40C8-B8BD-EFA923DB5891}.Release|x86.ActiveCfg = Release|Any CPU
		{2528EAAE-EB2F-40C8-B8BD-EFA923DB5891}.Release|x86.Build.0 = Release|Any CPU
		{A587BFC8-1AA9-4CF9-A493-DE4D54C55D7B}.Debug|Any CPU.ActiveCfg = Debug|Any CPU
		{A587BFC8-1AA9-4CF9-A493-DE4D54C55D7B}.Debug|Any CPU.Build.0 = Debug|Any CPU
		{A587BFC8-1AA9-4CF9-A493-DE4D54C55D7B}.Debug|ARM.ActiveCfg = Debug|Any CPU
		{A587BFC8-1AA9-4CF9-A493-DE4D54C55D7B}.Debug|ARM.Build.0 = Debug|Any CPU
		{A587BFC8-1AA9-4CF9-A493-DE4D54C55D7B}.Debug|x64.ActiveCfg = Debug|Any CPU
		{A587BFC8-1AA9-4CF9-A493-DE4D54C55D7B}.Debug|x64.Build.0 = Debug|Any CPU
		{A587BFC8-1AA9-4CF9-A493-DE4D54C55D7B}.Debug|x86.ActiveCfg = Debug|Any CPU
		{A587BFC8-1AA9-4CF9-A493-DE4D54C55D7B}.Debug|x86.Build.0 = Debug|Any CPU
		{A587BFC8-1AA9-4CF9-A493-DE4D54C55D7B}.Release|Any CPU.ActiveCfg = Release|Any CPU
		{A587BFC8-1AA9-4CF9-A493-DE4D54C55D7B}.Release|Any CPU.Build.0 = Release|Any CPU
		{A587BFC8-1AA9-4CF9-A493-DE4D54C55D7B}.Release|ARM.ActiveCfg = Release|Any CPU
		{A587BFC8-1AA9-4CF9-A493-DE4D54C55D7B}.Release|ARM.Build.0 = Release|Any CPU
		{A587BFC8-1AA9-4CF9-A493-DE4D54C55D7B}.Release|x64.ActiveCfg = Release|Any CPU
		{A587BFC8-1AA9-4CF9-A493-DE4D54C55D7B}.Release|x64.Build.0 = Release|Any CPU
		{A587BFC8-1AA9-4CF9-A493-DE4D54C55D7B}.Release|x86.ActiveCfg = Release|Any CPU
		{A587BFC8-1AA9-4CF9-A493-DE4D54C55D7B}.Release|x86.Build.0 = Release|Any CPU
		{B59EA3BE-2621-4290-8176-01BEAD1E2001}.Debug|Any CPU.ActiveCfg = Debug|Any CPU
		{B59EA3BE-2621-4290-8176-01BEAD1E2001}.Debug|Any CPU.Build.0 = Debug|Any CPU
		{B59EA3BE-2621-4290-8176-01BEAD1E2001}.Debug|ARM.ActiveCfg = Debug|Any CPU
		{B59EA3BE-2621-4290-8176-01BEAD1E2001}.Debug|ARM.Build.0 = Debug|Any CPU
		{B59EA3BE-2621-4290-8176-01BEAD1E2001}.Debug|x64.ActiveCfg = Debug|Any CPU
		{B59EA3BE-2621-4290-8176-01BEAD1E2001}.Debug|x64.Build.0 = Debug|Any CPU
		{B59EA3BE-2621-4290-8176-01BEAD1E2001}.Debug|x86.ActiveCfg = Debug|Any CPU
		{B59EA3BE-2621-4290-8176-01BEAD1E2001}.Debug|x86.Build.0 = Debug|Any CPU
		{B59EA3BE-2621-4290-8176-01BEAD1E2001}.Release|Any CPU.ActiveCfg = Release|Any CPU
		{B59EA3BE-2621-4290-8176-01BEAD1E2001}.Release|Any CPU.Build.0 = Release|Any CPU
		{B59EA3BE-2621-4290-8176-01BEAD1E2001}.Release|ARM.ActiveCfg = Release|Any CPU
		{B59EA3BE-2621-4290-8176-01BEAD1E2001}.Release|ARM.Build.0 = Release|Any CPU
		{B59EA3BE-2621-4290-8176-01BEAD1E2001}.Release|x64.ActiveCfg = Release|Any CPU
		{B59EA3BE-2621-4290-8176-01BEAD1E2001}.Release|x64.Build.0 = Release|Any CPU
		{B59EA3BE-2621-4290-8176-01BEAD1E2001}.Release|x86.ActiveCfg = Release|Any CPU
		{B59EA3BE-2621-4290-8176-01BEAD1E2001}.Release|x86.Build.0 = Release|Any CPU
		{3DDD3D94-4D1C-4BB4-AF83-B26A470BBB41}.Debug|Any CPU.ActiveCfg = Debug|Any CPU
		{3DDD3D94-4D1C-4BB4-AF83-B26A470BBB41}.Debug|Any CPU.Build.0 = Debug|Any CPU
		{3DDD3D94-4D1C-4BB4-AF83-B26A470BBB41}.Debug|ARM.ActiveCfg = Debug|Any CPU
		{3DDD3D94-4D1C-4BB4-AF83-B26A470BBB41}.Debug|ARM.Build.0 = Debug|Any CPU
		{3DDD3D94-4D1C-4BB4-AF83-B26A470BBB41}.Debug|x64.ActiveCfg = Debug|Any CPU
		{3DDD3D94-4D1C-4BB4-AF83-B26A470BBB41}.Debug|x64.Build.0 = Debug|Any CPU
		{3DDD3D94-4D1C-4BB4-AF83-B26A470BBB41}.Debug|x86.ActiveCfg = Debug|Any CPU
		{3DDD3D94-4D1C-4BB4-AF83-B26A470BBB41}.Debug|x86.Build.0 = Debug|Any CPU
		{3DDD3D94-4D1C-4BB4-AF83-B26A470BBB41}.Release|Any CPU.ActiveCfg = Release|Any CPU
		{3DDD3D94-4D1C-4BB4-AF83-B26A470BBB41}.Release|Any CPU.Build.0 = Release|Any CPU
		{3DDD3D94-4D1C-4BB4-AF83-B26A470BBB41}.Release|ARM.ActiveCfg = Release|Any CPU
		{3DDD3D94-4D1C-4BB4-AF83-B26A470BBB41}.Release|ARM.Build.0 = Release|Any CPU
		{3DDD3D94-4D1C-4BB4-AF83-B26A470BBB41}.Release|x64.ActiveCfg = Release|Any CPU
		{3DDD3D94-4D1C-4BB4-AF83-B26A470BBB41}.Release|x64.Build.0 = Release|Any CPU
		{3DDD3D94-4D1C-4BB4-AF83-B26A470BBB41}.Release|x86.ActiveCfg = Release|Any CPU
		{3DDD3D94-4D1C-4BB4-AF83-B26A470BBB41}.Release|x86.Build.0 = Release|Any CPU
		{4D85408C-9591-4512-A0D4-C505DB1EE06F}.Debug|Any CPU.ActiveCfg = Debug|Any CPU
		{4D85408C-9591-4512-A0D4-C505DB1EE06F}.Debug|Any CPU.Build.0 = Debug|Any CPU
		{4D85408C-9591-4512-A0D4-C505DB1EE06F}.Debug|ARM.ActiveCfg = Debug|Any CPU
		{4D85408C-9591-4512-A0D4-C505DB1EE06F}.Debug|ARM.Build.0 = Debug|Any CPU
		{4D85408C-9591-4512-A0D4-C505DB1EE06F}.Debug|x64.ActiveCfg = Debug|Any CPU
		{4D85408C-9591-4512-A0D4-C505DB1EE06F}.Debug|x64.Build.0 = Debug|Any CPU
		{4D85408C-9591-4512-A0D4-C505DB1EE06F}.Debug|x86.ActiveCfg = Debug|Any CPU
		{4D85408C-9591-4512-A0D4-C505DB1EE06F}.Debug|x86.Build.0 = Debug|Any CPU
		{4D85408C-9591-4512-A0D4-C505DB1EE06F}.Release|Any CPU.ActiveCfg = Release|Any CPU
		{4D85408C-9591-4512-A0D4-C505DB1EE06F}.Release|Any CPU.Build.0 = Release|Any CPU
		{4D85408C-9591-4512-A0D4-C505DB1EE06F}.Release|ARM.ActiveCfg = Release|Any CPU
		{4D85408C-9591-4512-A0D4-C505DB1EE06F}.Release|ARM.Build.0 = Release|Any CPU
		{4D85408C-9591-4512-A0D4-C505DB1EE06F}.Release|x64.ActiveCfg = Release|Any CPU
		{4D85408C-9591-4512-A0D4-C505DB1EE06F}.Release|x64.Build.0 = Release|Any CPU
		{4D85408C-9591-4512-A0D4-C505DB1EE06F}.Release|x86.ActiveCfg = Release|Any CPU
		{4D85408C-9591-4512-A0D4-C505DB1EE06F}.Release|x86.Build.0 = Release|Any CPU
		{6BCD6FDE-0A6D-4C92-BE0D-2250A7A1D989}.Debug|Any CPU.ActiveCfg = Debug|Any CPU
		{6BCD6FDE-0A6D-4C92-BE0D-2250A7A1D989}.Debug|Any CPU.Build.0 = Debug|Any CPU
		{6BCD6FDE-0A6D-4C92-BE0D-2250A7A1D989}.Debug|ARM.ActiveCfg = Debug|Any CPU
		{6BCD6FDE-0A6D-4C92-BE0D-2250A7A1D989}.Debug|ARM.Build.0 = Debug|Any CPU
		{6BCD6FDE-0A6D-4C92-BE0D-2250A7A1D989}.Debug|x64.ActiveCfg = Debug|Any CPU
		{6BCD6FDE-0A6D-4C92-BE0D-2250A7A1D989}.Debug|x64.Build.0 = Debug|Any CPU
		{6BCD6FDE-0A6D-4C92-BE0D-2250A7A1D989}.Debug|x86.ActiveCfg = Debug|Any CPU
		{6BCD6FDE-0A6D-4C92-BE0D-2250A7A1D989}.Debug|x86.Build.0 = Debug|Any CPU
		{6BCD6FDE-0A6D-4C92-BE0D-2250A7A1D989}.Release|Any CPU.ActiveCfg = Release|Any CPU
		{6BCD6FDE-0A6D-4C92-BE0D-2250A7A1D989}.Release|Any CPU.Build.0 = Release|Any CPU
		{6BCD6FDE-0A6D-4C92-BE0D-2250A7A1D989}.Release|ARM.ActiveCfg = Release|Any CPU
		{6BCD6FDE-0A6D-4C92-BE0D-2250A7A1D989}.Release|ARM.Build.0 = Release|Any CPU
		{6BCD6FDE-0A6D-4C92-BE0D-2250A7A1D989}.Release|x64.ActiveCfg = Release|Any CPU
		{6BCD6FDE-0A6D-4C92-BE0D-2250A7A1D989}.Release|x64.Build.0 = Release|Any CPU
		{6BCD6FDE-0A6D-4C92-BE0D-2250A7A1D989}.Release|x86.ActiveCfg = Release|Any CPU
		{6BCD6FDE-0A6D-4C92-BE0D-2250A7A1D989}.Release|x86.Build.0 = Release|Any CPU
		{BCAD1D79-B656-41FC-984C-B5A0E2F2B14C}.Debug|Any CPU.ActiveCfg = Debug|Any CPU
		{BCAD1D79-B656-41FC-984C-B5A0E2F2B14C}.Debug|Any CPU.Build.0 = Debug|Any CPU
		{BCAD1D79-B656-41FC-984C-B5A0E2F2B14C}.Debug|ARM.ActiveCfg = Debug|Any CPU
		{BCAD1D79-B656-41FC-984C-B5A0E2F2B14C}.Debug|ARM.Build.0 = Debug|Any CPU
		{BCAD1D79-B656-41FC-984C-B5A0E2F2B14C}.Debug|x64.ActiveCfg = Debug|Any CPU
		{BCAD1D79-B656-41FC-984C-B5A0E2F2B14C}.Debug|x64.Build.0 = Debug|Any CPU
		{BCAD1D79-B656-41FC-984C-B5A0E2F2B14C}.Debug|x86.ActiveCfg = Debug|Any CPU
		{BCAD1D79-B656-41FC-984C-B5A0E2F2B14C}.Debug|x86.Build.0 = Debug|Any CPU
		{BCAD1D79-B656-41FC-984C-B5A0E2F2B14C}.Release|Any CPU.ActiveCfg = Release|Any CPU
		{BCAD1D79-B656-41FC-984C-B5A0E2F2B14C}.Release|Any CPU.Build.0 = Release|Any CPU
		{BCAD1D79-B656-41FC-984C-B5A0E2F2B14C}.Release|ARM.ActiveCfg = Release|Any CPU
		{BCAD1D79-B656-41FC-984C-B5A0E2F2B14C}.Release|ARM.Build.0 = Release|Any CPU
		{BCAD1D79-B656-41FC-984C-B5A0E2F2B14C}.Release|x64.ActiveCfg = Release|Any CPU
		{BCAD1D79-B656-41FC-984C-B5A0E2F2B14C}.Release|x64.Build.0 = Release|Any CPU
		{BCAD1D79-B656-41FC-984C-B5A0E2F2B14C}.Release|x86.ActiveCfg = Release|Any CPU
		{BCAD1D79-B656-41FC-984C-B5A0E2F2B14C}.Release|x86.Build.0 = Release|Any CPU
		{42BB4E39-188E-4EAF-AB95-0B7F2AE03793}.Debug|Any CPU.ActiveCfg = Debug|Any CPU
		{42BB4E39-188E-4EAF-AB95-0B7F2AE03793}.Debug|Any CPU.Build.0 = Debug|Any CPU
		{42BB4E39-188E-4EAF-AB95-0B7F2AE03793}.Debug|ARM.ActiveCfg = Debug|Any CPU
		{42BB4E39-188E-4EAF-AB95-0B7F2AE03793}.Debug|ARM.Build.0 = Debug|Any CPU
		{42BB4E39-188E-4EAF-AB95-0B7F2AE03793}.Debug|x64.ActiveCfg = Debug|Any CPU
		{42BB4E39-188E-4EAF-AB95-0B7F2AE03793}.Debug|x64.Build.0 = Debug|Any CPU
		{42BB4E39-188E-4EAF-AB95-0B7F2AE03793}.Debug|x86.ActiveCfg = Debug|Any CPU
		{42BB4E39-188E-4EAF-AB95-0B7F2AE03793}.Debug|x86.Build.0 = Debug|Any CPU
		{42BB4E39-188E-4EAF-AB95-0B7F2AE03793}.Release|Any CPU.ActiveCfg = Release|Any CPU
		{42BB4E39-188E-4EAF-AB95-0B7F2AE03793}.Release|Any CPU.Build.0 = Release|Any CPU
		{42BB4E39-188E-4EAF-AB95-0B7F2AE03793}.Release|ARM.ActiveCfg = Release|Any CPU
		{42BB4E39-188E-4EAF-AB95-0B7F2AE03793}.Release|ARM.Build.0 = Release|Any CPU
		{42BB4E39-188E-4EAF-AB95-0B7F2AE03793}.Release|x64.ActiveCfg = Release|Any CPU
		{42BB4E39-188E-4EAF-AB95-0B7F2AE03793}.Release|x64.Build.0 = Release|Any CPU
		{42BB4E39-188E-4EAF-AB95-0B7F2AE03793}.Release|x86.ActiveCfg = Release|Any CPU
		{42BB4E39-188E-4EAF-AB95-0B7F2AE03793}.Release|x86.Build.0 = Release|Any CPU
		{9C8C869F-E5A7-47B2-9484-C2A3773947D1}.Debug|Any CPU.ActiveCfg = Debug|Any CPU
		{9C8C869F-E5A7-47B2-9484-C2A3773947D1}.Debug|Any CPU.Build.0 = Debug|Any CPU
		{9C8C869F-E5A7-47B2-9484-C2A3773947D1}.Debug|ARM.ActiveCfg = Debug|Any CPU
		{9C8C869F-E5A7-47B2-9484-C2A3773947D1}.Debug|ARM.Build.0 = Debug|Any CPU
		{9C8C869F-E5A7-47B2-9484-C2A3773947D1}.Debug|x64.ActiveCfg = Debug|Any CPU
		{9C8C869F-E5A7-47B2-9484-C2A3773947D1}.Debug|x64.Build.0 = Debug|Any CPU
		{9C8C869F-E5A7-47B2-9484-C2A3773947D1}.Debug|x86.ActiveCfg = Debug|Any CPU
		{9C8C869F-E5A7-47B2-9484-C2A3773947D1}.Debug|x86.Build.0 = Debug|Any CPU
		{9C8C869F-E5A7-47B2-9484-C2A3773947D1}.Release|Any CPU.ActiveCfg = Release|Any CPU
		{9C8C869F-E5A7-47B2-9484-C2A3773947D1}.Release|Any CPU.Build.0 = Release|Any CPU
		{9C8C869F-E5A7-47B2-9484-C2A3773947D1}.Release|ARM.ActiveCfg = Release|Any CPU
		{9C8C869F-E5A7-47B2-9484-C2A3773947D1}.Release|ARM.Build.0 = Release|Any CPU
		{9C8C869F-E5A7-47B2-9484-C2A3773947D1}.Release|x64.ActiveCfg = Release|Any CPU
		{9C8C869F-E5A7-47B2-9484-C2A3773947D1}.Release|x64.Build.0 = Release|Any CPU
		{9C8C869F-E5A7-47B2-9484-C2A3773947D1}.Release|x86.ActiveCfg = Release|Any CPU
		{9C8C869F-E5A7-47B2-9484-C2A3773947D1}.Release|x86.Build.0 = Release|Any CPU
		{84217B85-6EC6-4655-818E-1D3614D6B202}.Debug|Any CPU.ActiveCfg = Debug|Any CPU
		{84217B85-6EC6-4655-818E-1D3614D6B202}.Debug|Any CPU.Build.0 = Debug|Any CPU
		{84217B85-6EC6-4655-818E-1D3614D6B202}.Debug|ARM.ActiveCfg = Debug|Any CPU
		{84217B85-6EC6-4655-818E-1D3614D6B202}.Debug|ARM.Build.0 = Debug|Any CPU
		{84217B85-6EC6-4655-818E-1D3614D6B202}.Debug|x64.ActiveCfg = Debug|Any CPU
		{84217B85-6EC6-4655-818E-1D3614D6B202}.Debug|x64.Build.0 = Debug|Any CPU
		{84217B85-6EC6-4655-818E-1D3614D6B202}.Debug|x86.ActiveCfg = Debug|Any CPU
		{84217B85-6EC6-4655-818E-1D3614D6B202}.Debug|x86.Build.0 = Debug|Any CPU
		{84217B85-6EC6-4655-818E-1D3614D6B202}.Release|Any CPU.ActiveCfg = Release|Any CPU
		{84217B85-6EC6-4655-818E-1D3614D6B202}.Release|Any CPU.Build.0 = Release|Any CPU
		{84217B85-6EC6-4655-818E-1D3614D6B202}.Release|ARM.ActiveCfg = Release|Any CPU
		{84217B85-6EC6-4655-818E-1D3614D6B202}.Release|ARM.Build.0 = Release|Any CPU
		{84217B85-6EC6-4655-818E-1D3614D6B202}.Release|x64.ActiveCfg = Release|Any CPU
		{84217B85-6EC6-4655-818E-1D3614D6B202}.Release|x64.Build.0 = Release|Any CPU
		{84217B85-6EC6-4655-818E-1D3614D6B202}.Release|x86.ActiveCfg = Release|Any CPU
		{84217B85-6EC6-4655-818E-1D3614D6B202}.Release|x86.Build.0 = Release|Any CPU
		{00A59D95-A0E1-4B2F-BBC7-174836757540}.Debug|Any CPU.ActiveCfg = Debug|Any CPU
		{00A59D95-A0E1-4B2F-BBC7-174836757540}.Debug|Any CPU.Build.0 = Debug|Any CPU
		{00A59D95-A0E1-4B2F-BBC7-174836757540}.Debug|ARM.ActiveCfg = Debug|Any CPU
		{00A59D95-A0E1-4B2F-BBC7-174836757540}.Debug|ARM.Build.0 = Debug|Any CPU
		{00A59D95-A0E1-4B2F-BBC7-174836757540}.Debug|x64.ActiveCfg = Debug|Any CPU
		{00A59D95-A0E1-4B2F-BBC7-174836757540}.Debug|x64.Build.0 = Debug|Any CPU
		{00A59D95-A0E1-4B2F-BBC7-174836757540}.Debug|x86.ActiveCfg = Debug|Any CPU
		{00A59D95-A0E1-4B2F-BBC7-174836757540}.Debug|x86.Build.0 = Debug|Any CPU
		{00A59D95-A0E1-4B2F-BBC7-174836757540}.Release|Any CPU.ActiveCfg = Release|Any CPU
		{00A59D95-A0E1-4B2F-BBC7-174836757540}.Release|Any CPU.Build.0 = Release|Any CPU
		{00A59D95-A0E1-4B2F-BBC7-174836757540}.Release|ARM.ActiveCfg = Release|Any CPU
		{00A59D95-A0E1-4B2F-BBC7-174836757540}.Release|ARM.Build.0 = Release|Any CPU
		{00A59D95-A0E1-4B2F-BBC7-174836757540}.Release|x64.ActiveCfg = Release|Any CPU
		{00A59D95-A0E1-4B2F-BBC7-174836757540}.Release|x64.Build.0 = Release|Any CPU
		{00A59D95-A0E1-4B2F-BBC7-174836757540}.Release|x86.ActiveCfg = Release|Any CPU
		{00A59D95-A0E1-4B2F-BBC7-174836757540}.Release|x86.Build.0 = Release|Any CPU
		{C296C999-94A4-4225-ACA3-3106C5908671}.Debug|Any CPU.ActiveCfg = Debug|Any CPU
		{C296C999-94A4-4225-ACA3-3106C5908671}.Debug|Any CPU.Build.0 = Debug|Any CPU
		{C296C999-94A4-4225-ACA3-3106C5908671}.Debug|ARM.ActiveCfg = Debug|Any CPU
		{C296C999-94A4-4225-ACA3-3106C5908671}.Debug|ARM.Build.0 = Debug|Any CPU
		{C296C999-94A4-4225-ACA3-3106C5908671}.Debug|x64.ActiveCfg = Debug|Any CPU
		{C296C999-94A4-4225-ACA3-3106C5908671}.Debug|x64.Build.0 = Debug|Any CPU
		{C296C999-94A4-4225-ACA3-3106C5908671}.Debug|x86.ActiveCfg = Debug|Any CPU
		{C296C999-94A4-4225-ACA3-3106C5908671}.Debug|x86.Build.0 = Debug|Any CPU
		{C296C999-94A4-4225-ACA3-3106C5908671}.Release|Any CPU.ActiveCfg = Release|Any CPU
		{C296C999-94A4-4225-ACA3-3106C5908671}.Release|Any CPU.Build.0 = Release|Any CPU
		{C296C999-94A4-4225-ACA3-3106C5908671}.Release|ARM.ActiveCfg = Release|Any CPU
		{C296C999-94A4-4225-ACA3-3106C5908671}.Release|ARM.Build.0 = Release|Any CPU
		{C296C999-94A4-4225-ACA3-3106C5908671}.Release|x64.ActiveCfg = Release|Any CPU
		{C296C999-94A4-4225-ACA3-3106C5908671}.Release|x64.Build.0 = Release|Any CPU
		{C296C999-94A4-4225-ACA3-3106C5908671}.Release|x86.ActiveCfg = Release|Any CPU
		{C296C999-94A4-4225-ACA3-3106C5908671}.Release|x86.Build.0 = Release|Any CPU
		{0D6622FA-BD78-41DC-80C2-06748FAE41EF}.Debug|Any CPU.ActiveCfg = Debug|Any CPU
		{0D6622FA-BD78-41DC-80C2-06748FAE41EF}.Debug|Any CPU.Build.0 = Debug|Any CPU
		{0D6622FA-BD78-41DC-80C2-06748FAE41EF}.Debug|ARM.ActiveCfg = Debug|Any CPU
		{0D6622FA-BD78-41DC-80C2-06748FAE41EF}.Debug|ARM.Build.0 = Debug|Any CPU
		{0D6622FA-BD78-41DC-80C2-06748FAE41EF}.Debug|x64.ActiveCfg = Debug|Any CPU
		{0D6622FA-BD78-41DC-80C2-06748FAE41EF}.Debug|x64.Build.0 = Debug|Any CPU
		{0D6622FA-BD78-41DC-80C2-06748FAE41EF}.Debug|x86.ActiveCfg = Debug|Any CPU
		{0D6622FA-BD78-41DC-80C2-06748FAE41EF}.Debug|x86.Build.0 = Debug|Any CPU
		{0D6622FA-BD78-41DC-80C2-06748FAE41EF}.Release|Any CPU.ActiveCfg = Release|Any CPU
		{0D6622FA-BD78-41DC-80C2-06748FAE41EF}.Release|Any CPU.Build.0 = Release|Any CPU
		{0D6622FA-BD78-41DC-80C2-06748FAE41EF}.Release|ARM.ActiveCfg = Release|Any CPU
		{0D6622FA-BD78-41DC-80C2-06748FAE41EF}.Release|ARM.Build.0 = Release|Any CPU
		{0D6622FA-BD78-41DC-80C2-06748FAE41EF}.Release|x64.ActiveCfg = Release|Any CPU
		{0D6622FA-BD78-41DC-80C2-06748FAE41EF}.Release|x64.Build.0 = Release|Any CPU
		{0D6622FA-BD78-41DC-80C2-06748FAE41EF}.Release|x86.ActiveCfg = Release|Any CPU
		{0D6622FA-BD78-41DC-80C2-06748FAE41EF}.Release|x86.Build.0 = Release|Any CPU
		{2E311238-7156-44BE-A1CD-22FC126C83E8}.Debug|Any CPU.ActiveCfg = Debug|Any CPU
		{2E311238-7156-44BE-A1CD-22FC126C83E8}.Debug|Any CPU.Build.0 = Debug|Any CPU
		{2E311238-7156-44BE-A1CD-22FC126C83E8}.Debug|ARM.ActiveCfg = Debug|Any CPU
		{2E311238-7156-44BE-A1CD-22FC126C83E8}.Debug|ARM.Build.0 = Debug|Any CPU
		{2E311238-7156-44BE-A1CD-22FC126C83E8}.Debug|x64.ActiveCfg = Debug|Any CPU
		{2E311238-7156-44BE-A1CD-22FC126C83E8}.Debug|x64.Build.0 = Debug|Any CPU
		{2E311238-7156-44BE-A1CD-22FC126C83E8}.Debug|x86.ActiveCfg = Debug|Any CPU
		{2E311238-7156-44BE-A1CD-22FC126C83E8}.Debug|x86.Build.0 = Debug|Any CPU
		{2E311238-7156-44BE-A1CD-22FC126C83E8}.Release|Any CPU.ActiveCfg = Release|Any CPU
		{2E311238-7156-44BE-A1CD-22FC126C83E8}.Release|Any CPU.Build.0 = Release|Any CPU
		{2E311238-7156-44BE-A1CD-22FC126C83E8}.Release|ARM.ActiveCfg = Release|Any CPU
		{2E311238-7156-44BE-A1CD-22FC126C83E8}.Release|ARM.Build.0 = Release|Any CPU
		{2E311238-7156-44BE-A1CD-22FC126C83E8}.Release|x64.ActiveCfg = Release|Any CPU
		{2E311238-7156-44BE-A1CD-22FC126C83E8}.Release|x64.Build.0 = Release|Any CPU
		{2E311238-7156-44BE-A1CD-22FC126C83E8}.Release|x86.ActiveCfg = Release|Any CPU
		{2E311238-7156-44BE-A1CD-22FC126C83E8}.Release|x86.Build.0 = Release|Any CPU
	EndGlobalSection
	GlobalSection(SolutionProperties) = preSolution
		HideSolutionNode = FALSE
	EndGlobalSection
EndGlobal
