
Microsoft Visual Studio Solution File, Format Version 12.00
# Visual Studio 14
VisualStudioVersion = 14.0.25420.1
MinimumVisualStudioVersion = 10.0.40219.1
Project("{FAE04EC0-301F-11D3-BF4B-00C04F79EFBC}") = "Labra 9 - Tehtava 1", "Labra 9 - Tehtava 1\Labra 9 - Tehtava 1.csproj", "{0F612D5E-8BA4-49B1-AB51-9247D2AC6A7D}"
EndProject
Project("{FAE04EC0-301F-11D3-BF4B-00C04F79EFBC}") = "Labra 9 - Tehtava 2", "Labra 9 - Tehtava 2\Labra 9 - Tehtava 2.csproj", "{2528EAAE-EB2F-40C8-B8BD-EFA923DB5891}"
EndProject
Global
	GlobalSection(SolutionConfigurationPlatforms) = preSolution
		Debug|Any CPU = Debug|Any CPU
		Debug|ARM = Debug|ARM
		Debug|x64 = Debug|x64
		Debug|x86 = Debug|x86
		Release|Any CPU = Release|Any CPU
		Release|ARM = Release|ARM
		Release|x64 = Release|x64
		Release|x86 = Release|x86
	EndGlobalSection
	GlobalSection(ProjectConfigurationPlatforms) = postSolution
		{0F612D5E-8BA4-49B1-AB51-9247D2AC6A7D}.Debug|Any CPU.ActiveCfg = Debug|Any CPU
		{0F612D5E-8BA4-49B1-AB51-9247D2AC6A7D}.Debug|Any CPU.Build.0 = Debug|Any CPU
		{0F612D5E-8BA4-49B1-AB51-9247D2AC6A7D}.Debug|ARM.ActiveCfg = Debug|Any CPU
		{0F612D5E-8BA4-49B1-AB51-9247D2AC6A7D}.Debug|ARM.Build.0 = Debug|Any CPU
		{0F612D5E-8BA4-49B1-AB51-9247D2AC6A7D}.Debug|x64.ActiveCfg = Debug|Any CPU
		{0F612D5E-8BA4-49B1-AB51-9247D2AC6A7D}.Debug|x64.Build.0 = Debug|Any CPU
		{0F612D5E-8BA4-49B1-AB51-9247D2AC6A7D}.Debug|x86.ActiveCfg = Debug|Any CPU
		{0F612D5E-8BA4-49B1-AB51-9247D2AC6A7D}.Debug|x86.Build.0 = Debug|Any CPU
		{0F612D5E-8BA4-49B1-AB51-9247D2AC6A7D}.Release|Any CPU.ActiveCfg = Release|Any CPU
		{0F612D5E-8BA4-49B1-AB51-9247D2AC6A7D}.Release|Any CPU.Build.0 = Release|Any CPU
		{0F612D5E-8BA4-49B1-AB51-9247D2AC6A7D}.Release|ARM.ActiveCfg = Release|Any CPU
		{0F612D5E-8BA4-49B1-AB51-9247D2AC6A7D}.Release|ARM.Build.0 = Release|Any CPU
		{0F612D5E-8BA4-49B1-AB51-9247D2AC6A7D}.Release|x64.ActiveCfg = Release|Any CPU
		{0F612D5E-8BA4-49B1-AB51-9247D2AC6A7D}.Release|x64.Build.0 = Release|Any CPU
		{0F612D5E-8BA4-49B1-AB51-9247D2AC6A7D}.Release|x86.ActiveCfg = Release|Any CPU
		{0F612D5E-8BA4-49B1-AB51-9247D2AC6A7D}.Release|x86.Build.0 = Release|Any CPU
		{2528EAAE-EB2F-40C8-B8BD-EFA923DB5891}.Debug|Any CPU.ActiveCfg = Debug|Any CPU
		{2528EAAE-EB2F-40C8-B8BD-EFA923DB5891}.Debug|Any CPU.Build.0 = Debug|Any CPU
		{2528EAAE-EB2F-40C8-B8BD-EFA923DB5891}.Debug|ARM.ActiveCfg = Debug|Any CPU
		{2528EAAE-EB2F-40C8-B8BD-EFA923DB5891}.Debug|ARM.Build.0 = Debug|Any CPU
		{2528EAAE-EB2F-40C8-B8BD-EFA923DB5891}.Debug|x64.ActiveCfg = Debug|Any CPU
		{2528EAAE-EB2F-40C8-B8BD-EFA923DB5891}.Debug|x64.Build.0 = Debug|Any CPU
		{2528EAAE-EB2F-40C8-B8BD-EFA923DB5891}.Debug|x86.ActiveCfg = Debug|Any CPU
		{2528EAAE-EB2F-40C8-B8BD-EFA923DB5891}.Debug|x86.Build.0 = Debug|Any CPU
		{2528EAAE-EB2F-40C8-B8BD-EFA923DB5891}.Release|Any CPU.ActiveCfg = Release|Any CPU
		{2528EAAE-EB2F-40C8-B8BD-EFA923DB5891}.Release|Any CPU.Build.0 = Release|Any CPU
		{2528EAAE-EB2F-40C8-B8BD-EFA923DB5891}.Release|ARM.ActiveCfg = Release|Any CPU
		{2528EAAE-EB2F-40C8-B8BD-EFA923DB5891}.Release|ARM.Build.0 = Release|Any CPU
		{2528EAAE-EB2F-40C8-B8BD-EFA923DB5891}.Release|x64.ActiveCfg = Release|Any CPU
		{2528EAAE-EB2F-40C8-B8BD-EFA923DB5891}.Release|x64.Build.0 = Release|Any CPU
		{2528EAAE-EB2F-40C8-B8BD-EFA923DB5891}.Release|x86.ActiveCfg = Release|Any CPU
		{2528EAAE-EB2F-40C8-B8BD-EFA923DB5891}.Release|x86.Build.0 = Release|Any CPU
	EndGlobalSection
	GlobalSection(SolutionProperties) = preSolution
		HideSolutionNode = FALSE
	EndGlobalSection
EndGlobal
